{
  "lockfileVersion": 1,
  "configVersion": 1,
  "workspaces": {
    "": {
      "name": "lyra",
      "devDependencies": {
        "@types/bun": "^1.3.14",
        "typescript": "^5.9.3",
      },
    },
    "packages/lyra-acp": {
      "name": "@lyra/acp",
      "version": "0.1.0",
      "dependencies": {
        "@lyra/core": "workspace:*",
      },
    },
    "packages/lyra-core": {
      "name": "@lyra/core",
      "version": "0.1.0",
      "dependencies": {
        "@lyra/provider": "workspace:*",
        "@lyra/session": "workspace:*",
      },
    },
    "packages/lyra-edit": {
      "name": "@lyra/edit",
      "version": "0.1.0",
      "dependencies": {
        "tree-sitter": "^0.25.0",
        "tree-sitter-go": "^0.25.0",
        "tree-sitter-python": "^0.25.0",
        "tree-sitter-rust": "^0.24.0",
        "tree-sitter-typescript": "^0.23.2",
      },
    },
    "packages/lyra-git": {
      "name": "@lyra/git",
      "version": "0.1.0",
      "dependencies": {
        "@lyra/core": "workspace:*",
        "@lyra/host": "workspace:*",
      },
    },
    "packages/lyra-host": {
      "name": "@lyra/host",
      "version": "0.1.0",
      "dependencies": {
        "@lyra/core": "workspace:*",
      },
    },
    "packages/lyra-lsp": {
      "name": "@lyra/lsp",
      "version": "0.1.0",
      "dependencies": {
        "@lyra/core": "workspace:*",
        "@lyra/tools": "workspace:*",
      },
    },
    "packages/lyra-mcp": {
      "name": "@lyra/mcp",
      "version": "0.1.0",
      "dependencies": {
        "@lyra/core": "workspace:*",
        "@lyra/provider": "workspace:*",
      },
    },
    "packages/lyra-provider": {
      "name": "@lyra/provider",
      "version": "0.1.0",
    },
    "packages/lyra-runtime": {
      "name": "@lyra/runtime",
      "version": "0.1.0",
      "dependencies": {
        "@lyra/core": "workspace:*",
        "@lyra/host": "workspace:*",
        "@lyra/tools": "workspace:*",
      },
    },
    "packages/lyra-session": {
      "name": "@lyra/session",
      "version": "0.1.0",
      "dependencies": {
        "@lyra/provider": "workspace:*",
      },
    },
    "packages/lyra-skills": {
      "name": "@lyra/skills",
      "version": "0.1.0",
      "dependencies": {
        "@lyra/core": "workspace:*",
        "@lyra/provider": "workspace:*",
      },
    },
    "packages/lyra-tools": {
      "name": "@lyra/tools",
      "version": "0.1.0",
      "dependencies": {
        "@lyra/core": "workspace:*",
        "@lyra/edit": "workspace:*",
        "@lyra/provider": "workspace:*",
      },
    },
  },
  "packages": {
    "@lyra/acp": ["@lyra/acp@workspace:packages/lyra-acp"],

    "@lyra/core": ["@lyra/core@workspace:packages/lyra-core"],

    "@lyra/edit": ["@lyra/edit@workspace:packages/lyra-edit"],

    "@lyra/git": ["@lyra/git@workspace:packages/lyra-git"],

    "@lyra/host": ["@lyra/host@workspace:packages/lyra-host"],

    "@lyra/lsp": ["@lyra/lsp@workspace:packages/lyra-lsp"],

    "@lyra/mcp": ["@lyra/mcp@workspace:packages/lyra-mcp"],

    "@lyra/provider": ["@lyra/provider@workspace:packages/lyra-provider"],

    "@lyra/runtime": ["@lyra/runtime@workspace:packages/lyra-runtime"],

    "@lyra/session": ["@lyra/session@workspace:packages/lyra-session"],

    "@lyra/skills": ["@lyra/skills@workspace:packages/lyra-skills"],

    "@lyra/tools": ["@lyra/tools@workspace:packages/lyra-tools"],

    "@types/bun": ["@types/bun@1.3.14", "", { "dependencies": { "bun-types": "1.3.14" } }, "sha512-h1hFqFVcvAvD9j9K7ZW7vd82aSA+rTdznZa+5bwvCwqSB1jmmfLcbIWhOLx1/+boy/xmjgCs/OMUL8hRJSmnPw=="],

    "@types/node": ["@types/node@26.1.2", "", { "dependencies": { "undici-types": "~8.3.0" } }, "sha512-Vu4a5UFA9rIIFJ7rB/Vaafh9lrCQszopTCx6KjFboXTGQbPNasehVR5TEiithSDGyd1DEiUByggTZsg8jukeIg=="],

    "bun-types": ["bun-types@1.3.14", "", { "dependencies": { "@types/node": "*" } }, "sha512-4N0ig0fEomHt5R0KCFWjovxow98rIoRwKolrYdCcknNwMekCXRnWEUvgu5soYV8QXtVsrUD8B95MBOZGPvr6KQ=="],

    "node-addon-api": ["node-addon-api@8.9.1", "", {}, "sha512-4eUQWVPCUUUiBjLnHS3cXWeC6ryoPUc0U3rP7IuzapoGbzMqd/r6KKO0clr0b+snQhsrueFEhCZDdK+LK7hxKg=="],

    "node-gyp-build": ["node-gyp-build@4.8.4", "", { "bin": { "node-gyp-build": "bin.js", "node-gyp-build-optional": "optional.js", "node-gyp-build-test": "build-test.js" } }, "sha512-LA4ZjwlnUblHVgq0oBF3Jl/6h/Nvs5fzBLwdEF4nuxnFdsfajde4WfxtJr3CaiH+F6ewcIB/q4jQ4UzPyid+CQ=="],

    "tree-sitter": ["tree-sitter@0.25.1", "", { "dependencies": { "node-addon-api": "^8.5.0", "node-gyp-build": "^4.8.4" } }, "sha512-mrcEdkYtHfrK1A6fs3O6FxkBo0Qig5XUXqHhxUOQu0bmPo00QF4XaSx4edpazdHwxnSCjlGKGgIqWdaN4dvTLA=="],

    "tree-sitter-go": ["tree-sitter-go@0.25.0", "", { "dependencies": { "node-addon-api": "^8.3.1", "node-gyp-build": "^4.8.4" }, "peerDependencies": { "tree-sitter": "^0.25.0" }, "optionalPeers": ["tree-sitter"] }, "sha512-APBc/Dq3xz/e35Xpkhb1blu5UgW+2E3RyGWawZSCNcbGwa7jhSQPS8KsUupuzBla8PCo8+lz9W/JDJjmfRa2tw=="],

    "tree-sitter-javascript": ["tree-sitter-javascript@0.23.1", "", { "dependencies": { "node-addon-api": "^8.2.2", "node-gyp-build": "^4.8.2" }, "peerDependencies": { "tree-sitter": "^0.21.1" }, "optionalPeers": ["tree-sitter"] }, "sha512-/bnhbrTD9frUYHQTiYnPcxyHORIw157ERBa6dqzaKxvR/x3PC4Yzd+D1pZIMS6zNg2v3a8BZ0oK7jHqsQo9fWA=="],

    "tree-sitter-python": ["tree-sitter-python@0.25.0", "", { "dependencies": { "node-addon-api": "^8.5.0", "node-gyp-build": "^4.8.4" }, "peerDependencies": { "tree-sitter": "^0.25.0" }, "optionalPeers": ["tree-sitter"] }, "sha512-eCmJx6zQa35GxaCtQD+wXHOhYqBxEL+bp71W/s3fcDMu06MrtzkVXR437dRrCrbrDbyLuUDJpAgycs7ncngLXw=="],

    "tree-sitter-rust": ["tree-sitter-rust@0.24.0", "", { "dependencies": { "node-addon-api": "^8.2.2", "node-gyp-build": "^4.8.4" }, "peerDependencies": { "tree-sitter": "^0.22.1" }, "optionalPeers": ["tree-sitter"] }, "sha512-NWemUDf629Tfc90Y0Z55zuwPCAHkLxWnMf2RznYu4iBkkrQl2o/CHGB7Cr52TyN5F1DAx8FmUnDtCy9iUkXZEQ=="],

    "tree-sitter-typescript": ["tree-sitter-typescript@0.23.2", "", { "dependencies": { "node-addon-api": "^8.2.2", "node-gyp-build": "^4.8.2", "tree-sitter-javascript": "^0.23.1" }, "peerDependencies": { "tree-sitter": "^0.21.0" }, "optionalPeers": ["tree-sitter"] }, "sha512-e04JUUKxTT53/x3Uq1zIL45DoYKVfHH4CZqwgZhPg5qYROl5nQjV+85ruFzFGZxu+QeFVbRTPDRnqL9UbU4VeA=="],

    "typescript": ["typescript@5.9.3", "", { "bin": { "tsc": "bin/tsc", "tsserver": "bin/tsserver" } }, "sha512-jl1vZzPDinLr9eUt3J/t7V6FgNEw9QjvBPdysz9KfQDD41fQrC2Y4vKQdiaUpFT4bXlb1RHhLpp8wtm6M5TgSw=="],

    "undici-types": ["undici-types@8.3.0", "", {}, "sha512-j375ScV60dom+YkPFIfTLcOiPxkN/buHz5GobjLhixFuANaNs3C9l4GmrWqejgXWJ7BbJcFYpTEUkS1Ge8bpZQ=="],
  }
}
